
Microsoft Visual Studio Solution File, Format Version 12.00
# Visual Studio Version 16
VisualStudioVersion = 16.0.30804.86
MinimumVisualStudioVersion = 10.0.40219.1
Project("{9A19103F-16F7-4668-BE54-9A1E7A4F7556}") = "RegistrazioneSistemaUnico", "Registrazione\RegistrazioneSistemaUnico.csproj", "{96C04DB8-BF39-4A6C-A309-93BA96BA87F2}"
EndProject
Project("{9A19103F-16F7-4668-BE54-9A1E7A4F7556}") = "Logger", "Logger\Logger.csproj", "{B3309834-38DF-4FFC-BC6D-E124016B273B}"
EndProject
Project("{FAE04EC0-301F-11D3-BF4B-00C04F79EFBC}") = "Servizi", "Servizi\Servizi.csproj", "{9097E5B5-521E-4E99-8D76-8D4B416AA6C6}"
EndProject
Project("{FAE04EC0-301F-11D3-BF4B-00C04F79EFBC}") = "Polling", "Polling\Polling.csproj", "{FE34D6C7-6914-404C-AACA-52D28C749D3D}"
EndProject
Global
	GlobalSection(SolutionConfigurationPlatforms) = preSolution
		Debug|Any CPU = Debug|Any CPU
		Release|Any CPU = Release|Any CPU
	EndGlobalSection
	GlobalSection(ProjectConfigurationPlatforms) = postSolution
		{96C04DB8-BF39-4A6C-A309-93BA96BA87F2}.Debug|Any CPU.ActiveCfg = Debug|Any CPU
		{96C04DB8-BF39-4A6C-A309-93BA96BA87F2}.Debug|Any CPU.Build.0 = Debug|Any CPU
		{96C04DB8-BF39-4A6C-A309-93BA96BA87F2}.Release|Any CPU.ActiveCfg = Release|Any CPU
		{96C04DB8-BF39-4A6C-A309-93BA96BA87F2}.Release|Any CPU.Build.0 = Release|Any CPU
		{B3309834-38DF-4FFC-BC6D-E124016B273B}.Debug|Any CPU.ActiveCfg = Debug|Any CPU
		{B3309834-38DF-4FFC-BC6D-E124016B273B}.Debug|Any CPU.Build.0 = Debug|Any CPU
		{B3309834-38DF-4FFC-BC6D-E124016B273B}.Release|Any CPU.ActiveCfg = Release|Any CPU
		{B3309834-38DF-4FFC-BC6D-E124016B273B}.Release|Any CPU.Build.0 = Release|Any CPU
		{9097E5B5-521E-4E99-8D76-8D4B416AA6C6}.Debug|Any CPU.ActiveCfg = Debug|Any CPU
		{9097E5B5-521E-4E99-8D76-8D4B416AA6C6}.Debug|Any CPU.Build.0 = Debug|Any CPU
		{9097E5B5-521E-4E99-8D76-8D4B416AA6C6}.Release|Any CPU.ActiveCfg = Release|Any CPU
		{9097E5B5-521E-4E99-8D76-8D4B416AA6C6}.Release|Any CPU.Build.0 = Release|Any CPU
		{FE34D6C7-6914-404C-AACA-52D28C749D3D}.Debug|Any CPU.ActiveCfg = Debug|Any CPU
		{FE34D6C7-6914-404C-AACA-52D28C749D3D}.Debug|Any CPU.Build.0 = Debug|Any CPU
		{FE34D6C7-6914-404C-AACA-52D28C749D3D}.Release|Any CPU.ActiveCfg = Release|Any CPU
		{FE34D6C7-6914-404C-AACA-52D28C749D3D}.Release|Any CPU.Build.0 = Release|Any CPU
	EndGlobalSection
	GlobalSection(SolutionProperties) = preSolution
		HideSolutionNode = FALSE
	EndGlobalSection
	GlobalSection(ExtensibilityGlobals) = postSolution
		SolutionGuid = {1999EB97-6599-4167-90D0-9CC40B48B5B1}
	EndGlobalSection
EndGlobal
